
Microsoft Visual Studio Solution File, Format Version 12.00
# Visual Studio Version 17
VisualStudioVersion = 17.6.33723.286
MinimumVisualStudioVersion = 10.0.40219.1
Project("{FAE04EC0-301F-11D3-BF4B-00C04F79EFBC}") = "FDM_Testing", "FDM_Testing.csproj", "{2466A15C-AFD4-4A0B-AD74-D4DD34EFFC51}"
EndProject
Global
	GlobalSection(SolutionConfigurationPlatforms) = preSolution
		Debug|Any CPU = Debug|Any CPU
		Release|Any CPU = Release|Any CPU
	EndGlobalSection
	GlobalSection(ProjectConfigurationPlatforms) = postSolution
		{2466A15C-AFD4-4A0B-AD74-D4DD34EFFC51}.Debug|Any CPU.ActiveCfg = Debug|Any CPU
		{2466A15C-AFD4-4A0B-AD74-D4DD34EFFC51}.Debug|Any CPU.Build.0 = Debug|Any CPU
		{2466A15C-AFD4-4A0B-AD74-D4DD34EFFC51}.Release|Any CPU.ActiveCfg = Release|Any CPU
		{2466A15C-AFD4-4A0B-AD74-D4DD34EFFC51}.Release|Any CPU.Build.0 = Release|Any CPU
	EndGlobalSection
	GlobalSection(SolutionProperties) = preSolution
		HideSolutionNode = FALSE
	EndGlobalSection
	GlobalSection(ExtensibilityGlobals) = postSolution
		SolutionGuid = {D688F477-4F27-4D6B-8543-703A6AB76AA1}
	EndGlobalSection
EndGlobal
